# This file is automatically @generated by Cargo.
# It is not intended for manual editing.
version = 4

[[package]]
name = "mutually_exclusive_features"
version = "0.1.0"
source = "registry+https://github.com/rust-lang/crates.io-index"
checksum = "e94e1e6445d314f972ff7395df2de295fe51b71821694f0b0e1e79c4f12c8577"

[[package]]
name = "oldwin"
version = "0.1.2"

[[package]]
name = "oldwin-platform-vc-ltl5-x86-vista"
version = "0.1.1+5.2.1-Beta1"

[[package]]
name = "oldwin-platform-vc-ltl5-x86-win10"
version = "0.1.1+5.2.1-Beta1"

[[package]]
name = "oldwin-platform-vc-ltl5-x86-win7"
version = "0.1.1+5.2.1-Beta1"

[[package]]
name = "oldwin-platform-vc-ltl5-x86-win8"
version = "0.1.1+5.2.1-Beta1"

[[package]]
name = "oldwin-platform-vc-ltl5-x86-xp-part1"
version = "0.1.1+5.2.1-Beta1"

[[package]]
name = "oldwin-platform-vc-ltl5-x86-xp-part2"
version = "0.1.1+5.2.1-Beta1"

[[package]]
name = "oldwin-platform-vc-ltl5-x86_64-vista"
version = "0.1.1+5.2.1-Beta1"

[[package]]
name = "oldwin-platform-vc-ltl5-x86_64-win10"
version = "0.1.1+5.2.1-Beta1"

[[package]]
name = "oldwin-platform-vc-ltl5-x86_64-win7"
version = "0.1.1+5.2.1-Beta1"

[[package]]
name = "oldwin-platform-vc-ltl5-x86_64-win8"
version = "0.1.1+5.2.1-Beta1"

[[package]]
name = "oldwin-platform-vc-ltl5-x86_64-xp-part1"
version = "0.1.1+5.2.1-Beta1"

[[package]]
name = "oldwin-platform-vc-ltl5-x86_64-xp-part2"
version = "0.1.1+5.2.1-Beta1"

[[package]]
name = "oldwin-platform-yy-thunks-x86-vista"
version = "0.1.1+1.1.5-Beta2"

[[package]]
name = "oldwin-platform-yy-thunks-x86-win10"
version = "0.1.1+1.1.5-Beta2"

[[package]]
name = "oldwin-platform-yy-thunks-x86-win7"
version = "0.1.1+1.1.5-Beta2"

[[package]]
name = "oldwin-platform-yy-thunks-x86-win8"
version = "0.1.1+1.1.5-Beta2"

[[package]]
name = "oldwin-platform-yy-thunks-x86-xp"
version = "0.1.1+1.1.5-Beta2"

[[package]]
name = "oldwin-platform-yy-thunks-x86_64-vista"
version = "0.1.1+1.1.5-Beta2"

[[package]]
name = "oldwin-platform-yy-thunks-x86_64-win10"
version = "0.1.1+1.1.5-Beta2"

[[package]]
name = "oldwin-platform-yy-thunks-x86_64-win7"
version = "0.1.1+1.1.5-Beta2"

[[package]]
name = "oldwin-platform-yy-thunks-x86_64-win8"
version = "0.1.1+1.1.5-Beta2"

[[package]]
name = "oldwin-platform-yy-thunks-x86_64-xp"
version = "0.1.1+1.1.5-Beta2"

[[package]]
name = "oldwin-targets"
version = "0.1.1"
dependencies = [
 "mutually_exclusive_features",
 "oldwin-vc-ltl5",
 "oldwin-yy-thunks",
]

[[package]]
name = "oldwin-vc-ltl5"
version = "0.1.1"
dependencies = [
 "oldwin-platform-vc-ltl5-x86-vista",
 "oldwin-platform-vc-ltl5-x86-win10",
 "oldwin-platform-vc-ltl5-x86-win7",
 "oldwin-platform-vc-ltl5-x86-win8",
 "oldwin-platform-vc-ltl5-x86-xp-part1",
 "oldwin-platform-vc-ltl5-x86-xp-part2",
 "oldwin-platform-vc-ltl5-x86_64-vista",
 "oldwin-platform-vc-ltl5-x86_64-win10",
 "oldwin-platform-vc-ltl5-x86_64-win7",
 "oldwin-platform-vc-ltl5-x86_64-win8",
 "oldwin-platform-vc-ltl5-x86_64-xp-part1",
 "oldwin-platform-vc-ltl5-x86_64-xp-part2",
]

[[package]]
name = "oldwin-yy-thunks"
version = "0.1.1"
dependencies = [
 "oldwin-platform-yy-thunks-x86-vista",
 "oldwin-platform-yy-thunks-x86-win10",
 "oldwin-platform-yy-thunks-x86-win7",
 "oldwin-platform-yy-thunks-x86-win8",
 "oldwin-platform-yy-thunks-x86-xp",
 "oldwin-platform-yy-thunks-x86_64-vista",
 "oldwin-platform-yy-thunks-x86_64-win10",
 "oldwin-platform-yy-thunks-x86_64-win7",
 "oldwin-platform-yy-thunks-x86_64-win8",
 "oldwin-platform-yy-thunks-x86_64-xp",
]
